{
  "version": "2",
  "remote": {
    "https://cdn.esm.sh/v74/@types/he@1.1.2/index.d.ts": "61a047439420bbbd844fc7d8413d44b5b14502d06593f560cfa2196aead46933",
    "https://cdn.esm.sh/v74/he@1.2.0/deno/he.js": "958b3a963998f167a4385b7355f4d0cb7832805a02833f8f1c740fe8725f936c",
    "https://deno.land/std@0.118.0/_util/assert.ts": "2f868145a042a11d5ad0a3c748dcf580add8a0dbc0e876eaa0026303a5488f58",
    "https://deno.land/std@0.118.0/_util/os.ts": "dfb186cc4e968c770ab6cc3288bd65f4871be03b93beecae57d657232ecffcac",
    "https://deno.land/std@0.118.0/bytes/bytes_list.ts": "3bff6a09c72b2e0b1e92e29bd3b135053894196cca07a2bba842901073efe5cb",
    "https://deno.land/std@0.118.0/bytes/equals.ts": "69f55fdbd45c71f920c1a621e6c0865dc780cd8ae34e0f5e55a9497b70c31c1b",
    "https://deno.land/std@0.118.0/bytes/mod.ts": "fedb80b8da2e7ad8dd251148e65f92a04c73d6c5a430b7d197dc39588c8dda6f",
    "https://deno.land/std@0.118.0/encoding/base64.ts": "0b58bd6477214838bf711eef43eac21e47ba9e5c81b2ce185fe25d9ecab3ebb3",
    "https://deno.land/std@0.118.0/fmt/colors.ts": "8368ddf2d48dfe413ffd04cdbb7ae6a1009cf0dccc9c7ff1d76259d9c61a0621",
    "https://deno.land/std@0.118.0/http/http_status.ts": "2ff185827bff21c7be2807fcb09a6a2166464ba57fcd94afe805abab8e09070a",
    "https://deno.land/std@0.118.0/io/buffer.ts": "8f10342821b81990acf859cdccb4e4031c7c9187a0ffc3ed6b356ee29ecc6681",
    "https://deno.land/std@0.118.0/io/files.ts": "8794bf6014e6f3183fc5433926dfef4a50eb8d3ec3b6736ebb4277e5f0ce3420",
    "https://deno.land/std@0.118.0/io/readers.ts": "17403919724fef2f343c88555606368868a5c752a1099ad801f6a381c170f62d",
    "https://deno.land/std@0.118.0/io/types.d.ts": "89a27569399d380246ca7cdd9e14d5e68459f11fb6110790cc5ecbd4ee7f3215",
    "https://deno.land/std@0.118.0/io/util.ts": "96409103aa87b0eb0ddc494666a3514a6e969a1a3e7f69e100115ab7a1f532fb",
    "https://deno.land/std@0.118.0/path/_constants.ts": "1247fee4a79b70c89f23499691ef169b41b6ccf01887a0abd131009c5581b853",
    "https://deno.land/std@0.118.0/path/_interface.ts": "1fa73b02aaa24867e481a48492b44f2598cd9dfa513c7b34001437007d3642e4",
    "https://deno.land/std@0.118.0/path/_util.ts": "2e06a3b9e79beaf62687196bd4b60a4c391d862cfa007a20fc3a39f778ba073b",
    "https://deno.land/std@0.118.0/path/common.ts": "f41a38a0719a1e85aa11c6ba3bea5e37c15dd009d705bd8873f94c833568cbc4",
    "https://deno.land/std@0.118.0/path/glob.ts": "ea87985765b977cc284b92771003b2070c440e0807c90e1eb0ff3e095911a820",
    "https://deno.land/std@0.118.0/path/mod.ts": "4465dc494f271b02569edbb4a18d727063b5dbd6ed84283ff906260970a15d12",
    "https://deno.land/std@0.118.0/path/posix.ts": "34349174b9cd121625a2810837a82dd8b986bbaaad5ade690d1de75bbb4555b2",
    "https://deno.land/std@0.118.0/path/separator.ts": "8fdcf289b1b76fd726a508f57d3370ca029ae6976fcde5044007f062e643ff1c",
    "https://deno.land/std@0.118.0/path/win32.ts": "11549e8c6df8307a8efcfa47ad7b2a75da743eac7d4c89c9723a944661c8bd2e",
    "https://deno.land/std@0.118.0/streams/conversion.ts": "7ff9af42540063fa72003ab31a377ba9dde8532d43b16329b933c37a6d7aac5f",
    "https://deno.land/std@0.118.0/testing/_diff.ts": "e6a10d2aca8d6c27a9c5b8a2dbbf64353874730af539707b5b39d4128140642d",
    "https://deno.land/std@0.118.0/testing/asserts.ts": "e8bd3ff280731e2d2b48c67d6ed97ce2c0b717601ccb38816aff89edce71680d",
    "https://deno.land/std@0.120.0/async/deadline.ts": "1d6ac7aeaee22f75eb86e4e105d6161118aad7b41ae2dd14f4cfd3bf97472b93",
    "https://deno.land/std@0.120.0/async/debounce.ts": "b2f693e4baa16b62793fd618de6c003b63228db50ecfe3bd51fc5f6dc0bc264b",
    "https://deno.land/std@0.120.0/async/deferred.ts": "ab60d46ba561abb3b13c0c8085d05797a384b9f182935f051dc67136817acdee",
    "https://deno.land/std@0.120.0/async/delay.ts": "f2d8ccaa8ebc26594bd8b0989edfd8a96257a714c1dee2fb54d986e5bdd840ac",
    "https://deno.land/std@0.120.0/async/mod.ts": "78425176fabea7bd1046ce3819fd69ce40da85c83e0f174d17e8e224a91f7d10",
    "https://deno.land/std@0.120.0/async/mux_async_iterator.ts": "62abff3af9ff619e8f2adc96fc70d4ca020fa48a50c23c13f12d02ed2b760dbe",
    "https://deno.land/std@0.120.0/async/pool.ts": "353ce4f91865da203a097aa6f33de8966340c91b6f4a055611c8c5d534afd12f",
    "https://deno.land/std@0.120.0/async/tee.ts": "3e9f2ef6b36e55188de16a667c702ace4ad0cf84e3720379160e062bf27348ad",
    "https://deno.land/std@0.120.0/fmt/colors.ts": "8368ddf2d48dfe413ffd04cdbb7ae6a1009cf0dccc9c7ff1d76259d9c61a0621",
    "https://deno.land/std@0.120.0/http/http_status.ts": "2ff185827bff21c7be2807fcb09a6a2166464ba57fcd94afe805abab8e09070a",
    "https://deno.land/std@0.142.0/_util/assert.ts": "e94f2eb37cebd7f199952e242c77654e43333c1ac4c5c700e929ea3aa5489f74",
    "https://deno.land/std@0.142.0/_util/os.ts": "3b4c6e27febd119d36a416d7a97bd3b0251b77c88942c8f16ee5953ea13e2e49",
    "https://deno.land/std@0.142.0/async/abortable.ts": "87aa7230be8360c24ad437212311c9e8d4328854baec27b4c7abb26e85515c06",
    "https://deno.land/std@0.142.0/async/deadline.ts": "48ac998d7564969f3e6ec6b6f9bf0217ebd00239b1b2292feba61272d5dd58d0",
    "https://deno.land/std@0.142.0/async/debounce.ts": "564273ef242bcfcda19a439132f940db8694173abffc159ea34f07d18fc42620",
    "https://deno.land/std@0.142.0/async/deferred.ts": "bc18e28108252c9f67dfca2bbc4587c3cbf3aeb6e155f8c864ca8ecff992b98a",
    "https://deno.land/std@0.142.0/async/delay.ts": "cbbdf1c87d1aed8edc7bae13592fb3e27e3106e0748f089c263390d4f49e5f6c",
    "https://deno.land/std@0.142.0/async/mod.ts": "6e42e275b44367361a81842dd1a789c55ab206d7c8a877d7163ab5c460625be6",
    "https://deno.land/std@0.142.0/async/mux_async_iterator.ts": "5b4aca6781ad0f2e19ccdf1d1a1c092ccd3e00d52050d9c27c772658c8367256",
    "https://deno.land/std@0.142.0/async/pool.ts": "ef9eb97b388543acbf0ac32647121e4dbe629236899586c4d4311a8770fbb239",
    "https://deno.land/std@0.142.0/async/tee.ts": "bcfae0017ebb718cf4eef9e2420e8675d91cb1bcc0ed9b668681af6e6caad846",
    "https://deno.land/std@0.142.0/bytes/equals.ts": "fc16dff2090cced02497f16483de123dfa91e591029f985029193dfaa9d894c9",
    "https://deno.land/std@0.142.0/bytes/mod.ts": "763f97d33051cc3f28af1a688dfe2830841192a9fea0cbaa55f927b49d49d0bf",
    "https://deno.land/std@0.142.0/encoding/base64.ts": "c8c16b4adaa60d7a8eee047c73ece26844435e8f7f1328d74593dbb2dd58ea4f",
    "https://deno.land/std@0.142.0/encoding/base64url.ts": "55f9d13df02efac10c6f96169daa3e702606a64e8aa27c0295f645f198c27130",
    "https://deno.land/std@0.142.0/fmt/colors.ts": "30455035d6d728394781c10755351742dd731e3db6771b1843f9b9e490104d37",
    "https://deno.land/std@0.142.0/fmt/printf.ts": "e2c0f72146aed1efecf0c39ab928b26ae493a2278f670a871a0fbdcf36ff3379",
    "https://deno.land/std@0.142.0/node/_buffer.d.ts": "90f674081428a61978b6d481c5f557ff743a3f4a85d7ae113caab48fdf5b8a63",
    "https://deno.land/std@0.142.0/node/_buffer.mjs": "4e3e6b0f0613300340705a99a1998c655ba22bf08644c49df21f4aaa44e951d0",
    "https://deno.land/std@0.142.0/node/_core.ts": "568d277be2e086af996cbdd599fec569f5280e9a494335ca23ad392b130d7bb9",
    "https://deno.land/std@0.142.0/node/_events.d.ts": "5b6d1a7931eb692d3b64018e7a3f57310284d3bf467aa2e6371c65bb626c1859",
    "https://deno.land/std@0.142.0/node/_events.mjs": "a87d6bc0e2a139ce1bb89e56fe36969dc960c1af70b6d5fafaab8782659c57a0",
    "https://deno.land/std@0.142.0/node/_global.d.ts": "6dadaf8cec2a0c506b22170617286e0bdc80be53dd0673e67fc7dd37a1130c68",
    "https://deno.land/std@0.142.0/node/_next_tick.ts": "3546559be2b353208f8b10df81c6d9c26c045fa4ea811926f6596f2dc6b1b0b1",
    "https://deno.land/std@0.142.0/node/_process/exiting.ts": "bc9694769139ffc596f962087155a8bfef10101d03423b9dcbc51ce6e1f88fce",
    "https://deno.land/std@0.142.0/node/_process/process.ts": "84644b184053835670f79652d1ce3312c9ad079c211e6207ebefeedf159352a3",
    "https://deno.land/std@0.142.0/node/_process/stdio.mjs": "971c3b086040d8521562155db13f22f9971d5c42c852b2081d4d2f0d8b6ab6bd",
    "https://deno.land/std@0.142.0/node/_stream.d.ts": "cbec8328d2dc46b13090420117e1d55018b0632b69b4fb0692f1a028ef91d1aa",
    "https://deno.land/std@0.142.0/node/_stream.mjs": "07f6cbabaad0382fb4b9a25e70ac3093a44022b859247f64726746e6373f1c91",
    "https://deno.land/std@0.142.0/node/_util/_util_callbackify.ts": "79928ad80df3e469f7dcdb198118a7436d18a9f6c08bd7a4382332ad25a718cf",
    "https://deno.land/std@0.142.0/node/_utils.ts": "b4e1e94b343617fe0efba71bdb5ce47806407eb71d85a89919c6050f141aeab3",
    "https://deno.land/std@0.142.0/node/buffer.ts": "fbecbf3f237fa49bec96e97ecf56a7b92d48037b3d11219288e68943cc921600",
    "https://deno.land/std@0.142.0/node/events.ts": "a1d40fc0dbccc944379ef968b80ea08f9fce579e88b5057fdb64e4f0812476dd",
    "https://deno.land/std@0.142.0/node/internal/blob.mjs": "52080b2f40b114203df67f8a6650f9fe3c653912b8b3ef2f31f029853df4db53",
    "https://deno.land/std@0.142.0/node/internal/buffer.mjs": "6662fe7fe517329453545be34cea27a24f8ccd6d09afd4f609f11ade2b6dfca7",
    "https://deno.land/std@0.142.0/node/internal/crypto/_keys.ts": "7f993ece8c8e94a292944518cf4173521c6bf01785e75be014cd45a9cc2e4ad5",
    "https://deno.land/std@0.142.0/node/internal/crypto/constants.ts": "d2c8821977aef55e4d66414d623c24a2447791a8b49b6404b8db32d81e20c315",
    "https://deno.land/std@0.142.0/node/internal/error_codes.ts": "ac03c4eae33de3a69d6c98e8678003207eecf75a6900eb847e3fea3c8c9e6d8f",
    "https://deno.land/std@0.142.0/node/internal/errors.ts": "fe669a2482099ddd2d5c9d76a8971b5fb47d7a4c6a98c7f3ef9f366bf10e1998",
    "https://deno.land/std@0.142.0/node/internal/fixed_queue.ts": "455b3c484de48e810b13bdf95cd1658ecb1ba6bcb8b9315ffe994efcde3ba5f5",
    "https://deno.land/std@0.142.0/node/internal/hide_stack_frames.ts": "a91962ec84610bc7ec86022c4593cdf688156a5910c07b5bcd71994225c13a03",
    "https://deno.land/std@0.142.0/node/internal/normalize_encoding.mjs": "3779ec8a7adf5d963b0224f9b85d1bc974a2ec2db0e858396b5d3c2c92138a0a",
    "https://deno.land/std@0.142.0/node/internal/streams/_utils.ts": "77fceaa766679847e4d4c3c96b2573c00a790298d90551e8e4df1d5e0fdaad3b",
    "https://deno.land/std@0.142.0/node/internal/streams/add-abort-signal.mjs": "5623b83fa64d439cc4a1f09ae47ec1db29512cc03479389614d8f62a37902f5e",
    "https://deno.land/std@0.142.0/node/internal/streams/buffer_list.mjs": "c6a7b29204fae025ff5e9383332acaea5d44bc7c522a407a79b8f7a6bc6c312d",
    "https://deno.land/std@0.142.0/node/internal/streams/compose.mjs": "b522daab35a80ae62296012a4254fd7edfc0366080ffe63ddda4e38fe6b6803e",
    "https://deno.land/std@0.142.0/node/internal/streams/destroy.mjs": "9c9bbeb172a437041d529829f433df72cf0b63ae49f3ee6080a55ffbef7572ad",
    "https://deno.land/std@0.142.0/node/internal/streams/duplex.mjs": "95e10e60d31ed3290c33110f8485196bdee19e12550b46e0be9d93b51f8dec23",
    "https://deno.land/std@0.142.0/node/internal/streams/end-of-stream.mjs": "38be76eaceac231dfde643e72bc0940625446bf6d1dbd995c91c5ba9fd59b338",
    "https://deno.land/std@0.142.0/node/internal/streams/from.mjs": "134255c698ed63b33199911eb8e042f8f67e9682409bb11552e6120041ed1872",
    "https://deno.land/std@0.142.0/node/internal/streams/legacy.mjs": "6ea28db95d4503447473e62f0b23ff473bfe1751223c33a3c5816652e93b257a",
    "https://deno.land/std@0.142.0/node/internal/streams/passthrough.mjs": "a51074193b959f3103d94de41e23a78dfcff532bdba53af9146b86340d85eded",
    "https://deno.land/std@0.142.0/node/internal/streams/pipeline.mjs": "9890b121759ede869174ef70c011fde964ca94d81f2ed97b8622d7cb17b49285",
    "https://deno.land/std@0.142.0/node/internal/streams/readable.mjs": "a70c41171ae25c556b52785b0c178328014bd33d8c0e4d229d4adaac7414b6ca",
    "https://deno.land/std@0.142.0/node/internal/streams/state.mjs": "9ef917392a9d8005a6e038260c5fd31518d2753aea0bc9e39824c199310434cb",
    "https://deno.land/std@0.142.0/node/internal/streams/transform.mjs": "3b361abad2ac78f7ccb6f305012bafdc0e983dfa4bb6ecddb4626e34a781a5f5",
    "https://deno.land/std@0.142.0/node/internal/streams/utils.mjs": "06c21d0db0d51f1bf1e3225a661c3c29909be80355d268e64ee5922fc5eb6c5e",
    "https://deno.land/std@0.142.0/node/internal/streams/writable.mjs": "ad4e2b176ffdf752c8e678ead3a514679a5a8d652f4acf797115dceb798744d5",
    "https://deno.land/std@0.142.0/node/internal/util.mjs": "2f0c8ff553c175ea6e4ed13d7cd7cd6b86dc093dc2f783c6c3dfc63f60a0943e",
    "https://deno.land/std@0.142.0/node/internal/util/comparisons.ts": "680b55fe8bdf1613633bc469fa0440f43162c76dbe36af9aa2966310e1bb9f6e",
    "https://deno.land/std@0.142.0/node/internal/util/debuglog.ts": "6f12a764f5379e9d2675395d15d2fb48bd7376921ef64006ffb022fc7f44ab82",
    "https://deno.land/std@0.142.0/node/internal/util/inspect.mjs": "d1c2569c66a3dab45eec03208f22ad4351482527859c0011a28a6c797288a0aa",
    "https://deno.land/std@0.142.0/node/internal/util/types.ts": "bc2d35582946525f6068b678bb798e2a10298fefeefd3cb9b85f6bdc9014da16",
    "https://deno.land/std@0.142.0/node/internal/validators.mjs": "a7e82eafb7deb85c332d5f8d9ffef052f46a42d4a121eada4a54232451acc49a",
    "https://deno.land/std@0.142.0/node/internal_binding/_libuv_winerror.ts": "801e05c2742ae6cd42a5f0fd555a255a7308a65732551e962e5345f55eedc519",
    "https://deno.land/std@0.142.0/node/internal_binding/_node.ts": "e4075ba8a37aef4eb5b592c8e3807c39cb49ca8653faf8e01a43421938076c1b",
    "https://deno.land/std@0.142.0/node/internal_binding/_utils.ts": "1c50883b5751a9ea1b38951e62ed63bacfdc9d69ea665292edfa28e1b1c5bd94",
    "https://deno.land/std@0.142.0/node/internal_binding/_winerror.ts": "8811d4be66f918c165370b619259c1f35e8c3e458b8539db64c704fbde0a7cd2",
    "https://deno.land/std@0.142.0/node/internal_binding/buffer.ts": "781e1d13adc924864e6e37ecb5152e8a4e994cf394695136e451c47f00bda76c",
    "https://deno.land/std@0.142.0/node/internal_binding/constants.ts": "f4afc504137fb21f3908ab549931604968dfa62432b285a0874f41c4cade9ed2",
    "https://deno.land/std@0.142.0/node/internal_binding/string_decoder.ts": "5cb1863763d1e9b458bc21d6f976f16d9c18b3b3f57eaf0ade120aee38fba227",
    "https://deno.land/std@0.142.0/node/internal_binding/types.ts": "4c26fb74ba2e45de553c15014c916df6789529a93171e450d5afb016b4c765e7",
    "https://deno.land/std@0.142.0/node/internal_binding/util.ts": "faf5146c3cc3b2d6c26026a818b4a16e91488ab26e63c069f36ba3c3ae24c97b",
    "https://deno.land/std@0.142.0/node/internal_binding/uv.ts": "aa1db842936e77654522d9136bb2ae191bf334423f58962a8a7404b6635b5b49",
    "https://deno.land/std@0.142.0/node/stream.ts": "d127faa074a9e3886e4a01dcfe9f9a6a4b5641f76f6acc356e8ded7da5dc2c81",
    "https://deno.land/std@0.142.0/node/stream/promises.mjs": "b263c09f2d6bd715dc514fab3f99cca84f442e2d23e87adbe76e32ea46fc87e6",
    "https://deno.land/std@0.142.0/node/string_decoder.ts": "51ce85a173d2e36ac580d418bb48b804adb41732fc8bd85f7d5d27b7accbc61f",
    "https://deno.land/std@0.142.0/node/util.ts": "7fd6933b37af89a8e64d73dc6ee1732455a59e7e6d0965311fbd73cd634ea630",
    "https://deno.land/std@0.142.0/node/util/types.mjs": "f9288198cacd374b41bae7e92a23179d3160f4c0eaf14e19be3a4e7057219a60",
    "https://deno.land/std@0.142.0/testing/_diff.ts": "029a00560b0d534bc0046f1bce4bd36b3b41ada3f2a3178c85686eb2ff5f1413",
    "https://deno.land/std@0.142.0/testing/_format.ts": "0d8dc79eab15b67cdc532826213bbe05bccfd276ca473a50a3fc7bbfb7260642",
    "https://deno.land/std@0.142.0/testing/asserts.ts": "319df43e1e6bba2520508f6090a21a9a640cbe2754d255aee17cd1dfa78c2ff6",
    "https://deno.land/std@0.176.0/_util/asserts.ts": "178dfc49a464aee693a7e285567b3d0b555dc805ff490505a8aae34f9cfb1462",
    "https://deno.land/std@0.176.0/_util/os.ts": "d932f56d41e4f6a6093d56044e29ce637f8dcc43c5a90af43504a889cf1775e3",
    "https://deno.land/std@0.176.0/async/abortable.ts": "73acfb3ed7261ce0d930dbe89e43db8d34e017b063cf0eaa7d215477bf53442e",
    "https://deno.land/std@0.176.0/async/deadline.ts": "b98e50d2c42399af03ad13bbb8cf59dadb9f0cd5d70648cc0c3b9202d75ab565",
    "https://deno.land/std@0.176.0/async/debounce.ts": "adab11d04ca38d699444ac8a9d9856b4155e8dda2afd07ce78276c01ea5a4332",
    "https://deno.land/std@0.176.0/async/deferred.ts": "42790112f36a75a57db4a96d33974a936deb7b04d25c6084a9fa8a49f135def8",
    "https://deno.land/std@0.176.0/async/delay.ts": "73aa04cec034c84fc748c7be49bb15cac3dd43a57174bfdb7a4aec22c248f0dd",
    "https://deno.land/std@0.176.0/async/mod.ts": "f04344fa21738e5ad6bea37a6bfffd57c617c2d372bb9f9dcfd118a1b622e576",
    "https://deno.land/std@0.176.0/async/mux_async_iterator.ts": "70c7f2ee4e9466161350473ad61cac0b9f115cff4c552eaa7ef9d50c4cbb4cc9",
    "https://deno.land/std@0.176.0/async/pool.ts": "fd082bd4aaf26445909889435a5c74334c017847842ec035739b4ae637ae8260",
    "https://deno.land/std@0.176.0/async/retry.ts": "5efa3ba450ac0c07a40a82e2df296287b5013755d232049efd7ea2244f15b20f",
    "https://deno.land/std@0.176.0/async/tee.ts": "47e42d35f622650b02234d43803d0383a89eb4387e1b83b5a40106d18ae36757",
    "https://deno.land/std@0.176.0/bytes/copy.ts": "939d89e302a9761dcf1d9c937c7711174ed74c59eef40a1e4569a05c9de88219",
    "https://deno.land/std@0.176.0/collections/_utils.ts": "5114abc026ddef71207a79609b984614e66a63a4bda17d819d56b0e72c51527e",
    "https://deno.land/std@0.176.0/collections/deep_merge.ts": "5a8ed29030f4471a5272785c57c3455fa79697b9a8f306013a8feae12bafc99a",
    "https://deno.land/std@0.176.0/crypto/_fnv/fnv32.ts": "e4649dfdefc5c987ed53c3c25db62db771a06d9d1b9c36d2b5cf0853b8e82153",
    "https://deno.land/std@0.176.0/crypto/_fnv/fnv64.ts": "bfa0e4702061fdb490a14e6bf5f9168a22fb022b307c5723499469bfefca555e",
    "https://deno.land/std@0.176.0/crypto/_fnv/index.ts": "169c213eb75de2d6738c1ed66a8e5782bd222b70b187cc4e7fb7b73edfcf0927",
    "https://deno.land/std@0.176.0/crypto/_fnv/util.ts": "accba12bfd80a352e32a872f87df2a195e75561f1b1304a4cb4f5a4648d288f9",
    "https://deno.land/std@0.176.0/crypto/_util.ts": "0522d1466e3c92df84cea94da85dbb7bd93e629dacb2aa5b39cab432ab7cb3d6",
    "https://deno.land/std@0.176.0/crypto/_wasm/lib/deno_std_wasm_crypto.generated.mjs": "5dedb7f9aa05f0e18ed017691c58df5f4686e4cbbd70368c6f896e5cca03f2b4",
    "https://deno.land/std@0.176.0/crypto/_wasm/mod.ts": "e2df88236fc061eac7a89e8cb0b97843f5280b08b2a990e473b7397a3e566003",
    "https://deno.land/std@0.176.0/crypto/crypto.ts": "d5ce53784ab7b1348095389426a7ea98536223fb143812ecb50724a0aa1ec657",
    "https://deno.land/std@0.176.0/crypto/keystack.ts": "877ab0f19eb7d37ad6495190d3c3e39f58e9c52e0b6a966f82fd6df67ca55f90",
    "https://deno.land/std@0.176.0/crypto/mod.ts": "885738e710868202d7328305b0c0c134e36a2d9c98ceab9513ea2442863c00eb",
    "https://deno.land/std@0.176.0/crypto/timing_safe_equal.ts": "8d69ab611c67fe51b6127d97fcfb4d8e7d0e1b6b4f3e0cc4ab86744c3691f965",
    "https://deno.land/std@0.176.0/crypto/to_hash_string.ts": "fe4e95239d7afb617f469bc2f76ff20f888ddb8d1385e0d92276f6e4d5a809d1",
    "https://deno.land/std@0.176.0/datetime/to_imf.ts": "851d072a1c86c7ec34c753e61b1951ceda50c9da805b170a0ecaea3b024dd266",
    "https://deno.land/std@0.176.0/encoding/_toml/parser.ts": "a932beaf8e65af821c7ff36ff38f6fde3ab8d24a8a79c7ca6fe2e7a920c39804",
    "https://deno.land/std@0.176.0/encoding/_yaml/dumper/dumper.ts": "49053c293a2250b33f2efc0ce3973280c6dc3bc0b41397af3863b5f03340e01b",
    "https://deno.land/std@0.176.0/encoding/_yaml/dumper/dumper_state.ts": "975a3702752a29251c5746206507dfebbfede60dd2c0dec161dc22633fbc6085",
    "https://deno.land/std@0.176.0/encoding/_yaml/error.ts": "e60ab51d7c0253cf0d1cf7d445202e8e3da5c77aae0032071ba7400121c281b4",
    "https://deno.land/std@0.176.0/encoding/_yaml/loader/loader.ts": "6c59f60faaf78d73db0e016293f4bfed19e6356d7064230d07d6b68a65a1df5d",
    "https://deno.land/std@0.176.0/encoding/_yaml/loader/loader_state.ts": "fcc82fcdf167acb0e9e5e32b32682e58b45f2d44210bf685794797ccb5621232",
    "https://deno.land/std@0.176.0/encoding/_yaml/mark.ts": "0027d6f62a70a6c64b85bd1751ddf1646ea97edcefbf5bea1706d5e519f4e34f",
    "https://deno.land/std@0.176.0/encoding/_yaml/parse.ts": "63e79582e07145ca1d3205d1ac72b82bf5ce14159dabae195abe7e36de8111bd",
    "https://deno.land/std@0.176.0/encoding/_yaml/schema.ts": "0833c75c59bf72c8a8f96f6c0615bcd98d23fdd9b076657f42b5c1a4f9d972b0",
    "https://deno.land/std@0.176.0/encoding/_yaml/schema/core.ts": "366f56673336ba24f5723c04319efcc7471be5f55d5f8d95c9b4a38ec233d4c6",
    "https://deno.land/std@0.176.0/encoding/_yaml/schema/default.ts": "96e9ed6ead36f53a0832c542fc9b8cca7f8b4a67c1c8424e1423a39ee7154db7",
    "https://deno.land/std@0.176.0/encoding/_yaml/schema/extended.ts": "f9bd75c79ebdfb92a8e167488b6bde7113a31b8fabe20ad7eed0904fba11bcd2",
    "https://deno.land/std@0.176.0/encoding/_yaml/schema/failsafe.ts": "cddcbf0258bbe0cd77ca10e2f5aec13439f50d4068f96aab08ca2d64496dabe8",
    "https://deno.land/std@0.176.0/encoding/_yaml/schema/json.ts": "c86905dfb1b6c4633750bfbb5bd529a30be5c08287ab7eb6694390b40e276487",
    "https://deno.land/std@0.176.0/encoding/_yaml/schema/mod.ts": "051f93dd97a15aaad2da62bd24627e8fd2f02fb026d21567d924b720d606f078",
    "https://deno.land/std@0.176.0/encoding/_yaml/state.ts": "ef03d55ec235d48dcfbecc0ab3ade90bfae69a61094846e08003421c2cf5cfc6",
    "https://deno.land/std@0.176.0/encoding/_yaml/stringify.ts": "426b73e4dbaeed26ed855add3862786d7e374bd4c59e5e1bd9a6fcd5082be3c7",
    "https://deno.land/std@0.176.0/encoding/_yaml/type.ts": "5ded5472a0f17a219ac3b0e90d96dc8472a68654a40258a31e03a6c6297b6788",
    "https://deno.land/std@0.176.0/encoding/_yaml/type/binary.ts": "935d39794420ac3718d26716192239de6a53566c6f2ba5010e8ed26936b94a89",
    "https://deno.land/std@0.176.0/encoding/_yaml/type/bool.ts": "1c99cfbaa94b022575b636a73e1549569b26fc6bbff2cd5e539aa77b49bdf303",
    "https://deno.land/std@0.176.0/encoding/_yaml/type/float.ts": "f60ad19b27050add694bfc255b7efef27103f047861aa657823ff3f6853bad11",
    "https://deno.land/std@0.176.0/encoding/_yaml/type/function.ts": "65a37f6bef43ef141854ee48a1058d9c9c4c80ed6eed6cd35608329a6957e27a",
    "https://deno.land/std@0.176.0/encoding/_yaml/type/int.ts": "892f59bb7b2dbd64dd9b643c17441af95c0b962ad027e454cb84a68864787b86",
    "https://deno.land/std@0.176.0/encoding/_yaml/type/map.ts": "92e647a6aec0dc184ea4b039a77a15883b54da754311189c595b43f6aaa50030",
    "https://deno.land/std@0.176.0/encoding/_yaml/type/merge.ts": "8192bf3e4d637f32567917f48bb276043da9cf729cf594e5ec191f7cd229337e",
    "https://deno.land/std@0.176.0/encoding/_yaml/type/mod.ts": "060e2b3d38725094b77ea3a3f05fc7e671fced8e67ca18e525be98c4aa8f4bbb",
    "https://deno.land/std@0.176.0/encoding/_yaml/type/nil.ts": "606e8f0c44d73117c81abec822f89ef81e40f712258c74f186baa1af659b8887",
    "https://deno.land/std@0.176.0/encoding/_yaml/type/omap.ts": "fbd5da9970c211335ff7c8fa11e9c5e9256e568d52418ac237d1538c5cb0d5e6",
    "https://deno.land/std@0.176.0/encoding/_yaml/type/pairs.ts": "ea487a44c0ae64d8d952779fa1cb5fa0a12f32a0b5d3d1e8c1f06f446448427c",
    "https://deno.land/std@0.176.0/encoding/_yaml/type/regexp.ts": "672000d22a1062d61577d30b218c28f5cb1d039a7a60079fdde6a4e558d5ca51",
    "https://deno.land/std@0.176.0/encoding/_yaml/type/seq.ts": "39b28f7c7aa41263c5c42cab9d184f03555e9ba19493766afc0c0c325a9ac49f",
    "https://deno.land/std@0.176.0/encoding/_yaml/type/set.ts": "0e30a9f750306b514c8ae9869d1ac2548d57beab55b33e85ea9673ca0a08264c",
    "https://deno.land/std@0.176.0/encoding/_yaml/type/str.ts": "a67a3c6e429d95041399e964015511779b1130ea5889fa257c48457bd3446e31",
    "https://deno.land/std@0.176.0/encoding/_yaml/type/timestamp.ts": "706ea80a76a73e48efaeb400ace087da1f927647b53ad6f754f4e06d51af087f",
    "https://deno.land/std@0.176.0/encoding/_yaml/type/undefined.ts": "94a316ca450597ccbc6750cbd79097ad0d5f3a019797eed3c841a040c29540ba",
    "https://deno.land/std@0.176.0/encoding/_yaml/utils.ts": "26b311f0d42a7ce025060bd6320a68b50e52fd24a839581eb31734cd48e20393",
    "https://deno.land/std@0.176.0/encoding/base64.ts": "7de04c2f8aeeb41453b09b186480be90f2ff357613b988e99fabb91d2eeceba1",
    "https://deno.land/std@0.176.0/encoding/base64url.ts": "3f1178f6446834457b16bfde8b559c1cd3481727fe384d3385e4a9995dc2d851",
    "https://deno.land/std@0.176.0/encoding/front_matter/any.ts": "8debc7942e5f8d9a119049a38684e4a3b80badea898aa2be341bc76d000790a1",
    "https://deno.land/std@0.176.0/encoding/front_matter/mod.ts": "086d2c2f20e8b20bad9c02daa270333439441c1509959c79f7ab792dff394b39",
    "https://deno.land/std@0.176.0/encoding/hex.ts": "50f8c95b52eae24395d3dfcb5ec1ced37c5fe7610ef6fffdcc8b0fdc38e3b32f",
    "https://deno.land/std@0.176.0/encoding/toml.ts": "d11fc659365218035ec1d92c1dfa206718838954a6de7cfc62d0a07ffb19f582",
    "https://deno.land/std@0.176.0/encoding/yaml.ts": "02571d1bbbcfd7c5647789cee872ecf9c1c470e1b1a40948ed219fb661e19d87",
    "https://deno.land/std@0.176.0/flags/mod.ts": "d1cdefa18472ef69858a17df5cf7c98445ed27ac10e1460183081303b0ebc270",
    "https://deno.land/std@0.176.0/fmt/colors.ts": "938c5d44d889fb82eff6c358bea8baa7e85950a16c9f6dae3ec3a7a729164471",
    "https://deno.land/std@0.176.0/fs/_util.ts": "65381f341af1ff7f40198cee15c20f59951ac26e51ddc651c5293e24f9ce6f32",
    "https://deno.land/std@0.176.0/fs/walk.ts": "ea95ffa6500c1eda6b365be488c056edc7c883a1db41ef46ec3bf057b1c0fe32",
    "https://deno.land/std@0.176.0/http/_negotiation/common.ts": "14d1a52427ab258a4b7161cd80e1d8a207b7cc64b46e911780f57ead5f4323c6",
    "https://deno.land/std@0.176.0/http/_negotiation/encoding.ts": "ff747d107277c88cb7a6a62a08eeb8d56dad91564cbcccb30694d5dc126dcc53",
    "https://deno.land/std@0.176.0/http/_negotiation/language.ts": "7bcddd8db3330bdb7ce4fc00a213c5547c1968139864201efd67ef2d0d51887d",
    "https://deno.land/std@0.176.0/http/_negotiation/media_type.ts": "58847517cd549384ad677c0fe89e0a4815be36fe7a303ea63cee5f6a1d7e1692",
    "https://deno.land/std@0.176.0/http/cookie.ts": "4afa70654aee951b1b5a82b8939566843bf6eea605a961c7abc8e9705afd0a20",
    "https://deno.land/std@0.176.0/http/cookie_map.ts": "8cf428c03ef17c197196a5c382495cd4adecbfb597f6f8f3cd7e1775c3e79ffd",
    "https://deno.land/std@0.176.0/http/file_server.ts": "86d624c0c908a4a377090668ee872cf5c064245da71b3e8f8f7df888cac869d5",
    "https://deno.land/std@0.176.0/http/http_errors.ts": "57169d9bdf4cda1982a3742693c146ab1bf2cbc88df003b40ac905a30013d4cb",
    "https://deno.land/std@0.176.0/http/http_status.ts": "8a7bcfe3ac025199ad804075385e57f63d055b2aed539d943ccc277616d6f932",
    "https://deno.land/std@0.176.0/http/mod.ts": "b8039c604915f9b27fea8e251479ae30e4d15b1c01223b73fb0399e763fe2a5d",
    "https://deno.land/std@0.176.0/http/negotiation.ts": "32761c921afa7847cf767fe81c81785721abccc0db0fc51c7ec2a45868b4ee4a",
    "https://deno.land/std@0.176.0/http/server.ts": "cbb17b594651215ba95c01a395700684e569c165a567e4e04bba327f41197433",
    "https://deno.land/std@0.176.0/http/util.ts": "36c0b60c031f9e2ba024353ed11693f76c714551f9e766b36cdaacda54f25a21",
    "https://deno.land/std@0.176.0/io/buffer.ts": "e2b7564f684dad625cab08f5106f33572d325705d19a36822b3272fbdfb8f726",
    "https://deno.land/std@0.176.0/media_types/_db.ts": "7606d83e31f23ce1a7968cbaee852810c2cf477903a095696cdc62eaab7ce570",
    "https://deno.land/std@0.176.0/media_types/_util.ts": "916efbd30b6148a716f110e67a4db29d6949bf4048997b754415dd7e42c52378",
    "https://deno.land/std@0.176.0/media_types/content_type.ts": "c682589a0aeb016bfed355cc1ed6fbb3ead2ea48fc0000ac5de6a5730613ad1c",
    "https://deno.land/std@0.176.0/media_types/format_media_type.ts": "1e35e16562e5c417401ffc388a9f8f421f97f0ee06259cbe990c51bae4e6c7a8",
    "https://deno.land/std@0.176.0/media_types/get_charset.ts": "8be15a1fd31a545736b91ace56d0e4c66ea0d7b3fdc5c90760e8202e7b4b1fad",
    "https://deno.land/std@0.176.0/media_types/parse_media_type.ts": "bed260d868ea271445ae41d748e7afed9b5a7f407d2777ead08cecf73e9278de",
    "https://deno.land/std@0.176.0/media_types/type_by_extension.ts": "6076a7fc63181d70f92ec582fdea2c927eb2cfc7f9c9bee9d6add2aca86f2355",
    "https://deno.land/std@0.176.0/media_types/vendor/mime-db.v1.52.0.ts": "6925bbcae81ca37241e3f55908d0505724358cda3384eaea707773b2c7e99586",
    "https://deno.land/std@0.176.0/path/_constants.ts": "e49961f6f4f48039c0dfed3c3f93e963ca3d92791c9d478ac5b43183413136e0",
    "https://deno.land/std@0.176.0/path/_interface.ts": "6471159dfbbc357e03882c2266d21ef9afdb1e4aa771b0545e90db58a0ba314b",
    "https://deno.land/std@0.176.0/path/_util.ts": "d7abb1e0dea065f427b89156e28cdeb32b045870acdf865833ba808a73b576d0",
    "https://deno.land/std@0.176.0/path/common.ts": "ee7505ab01fd22de3963b64e46cff31f40de34f9f8de1fff6a1bd2fe79380000",
    "https://deno.land/std@0.176.0/path/glob.ts": "d479e0a695621c94d3fd7fe7abd4f9499caf32a8de13f25073451c6ef420a4e1",
    "https://deno.land/std@0.176.0/path/mod.ts": "4b83694ac500d7d31b0cdafc927080a53dc0c3027eb2895790fb155082b0d232",
    "https://deno.land/std@0.176.0/path/posix.ts": "8b7c67ac338714b30c816079303d0285dd24af6b284f7ad63da5b27372a2c94d",
    "https://deno.land/std@0.176.0/path/separator.ts": "0fb679739d0d1d7bf45b68dacfb4ec7563597a902edbaf3c59b50d5bcadd93b1",
    "https://deno.land/std@0.176.0/path/win32.ts": "d186344e5583bcbf8b18af416d13d82b35a317116e6460a5a3953508c3de5bba",
    "https://deno.land/std@0.176.0/types.d.ts": "220ed56662a0bd393ba5d124aa6ae2ad36a00d2fcbc0e8666a65f4606aaa9784",
    "https://deno.land/std@0.176.0/version.ts": "fa05028f9b7a16358f89f8e33e856dddd9447202a1d5a1f56a86034e6cfcd66c",
    "https://deno.land/x/emoji@0.2.1/all.json": "9beb741e050f6eaeab2e4529517a68fd55f4cde98d9a5008c5ef5537e4d2ddb5",
    "https://deno.land/x/emoji@0.2.1/emoji.ts": "59baa579fead2ea631cde96aefa03689ee2f1241ab76398965eddc5c66096047",
    "https://deno.land/x/emoji@0.2.1/mod.ts": "733bed20d9489f91fd16823bc0bff4943d995d7f1fdae6fea458b3e0927bde96",
    "https://deno.land/x/emoji@0.2.1/types.ts": "5897345f500088c719a35388c5b192bc5d93fc2c13e37d94eafa8ff3480edd17",
    "https://deno.land/x/emoji@0.2.1/unicode.ts": "ac8079e8e1da66ae9e601c1fdd0e7641120c2b07ca7bd2875e65fe23e16e6199",
    "https://deno.land/x/g_a@0.1.2/mod.ts": "6016891e4aa825a82e14782cf45be5705aa42f3ed5e8378200a6e0136239f572",
    "https://deno.land/x/gfm@0.1.30/deps.ts": "b41872181d0cfe55a625f3df8180f6cecdbbed5a75c806bd3257a6b8d42b6a2c",
    "https://deno.land/x/gfm@0.1.30/mod.ts": "59801f54e8f170a03808c03a82fd252c7e31cb6d4381b27c55cd75a719c0041c",
    "https://deno.land/x/gfm@0.1.30/style.js": "2036bcfa9b6e9594dfd1bf26024bad69e256fb1ddfb3ada7aaef00fb6d727e0b",
    "https://deno.land/x/htm@0.1.3/html.tsx": "b1c1e8ff8af45dbdf4dd6d90dea37ff8e9c86c705f672f9b53911691ed12e6fd",
    "https://deno.land/x/htm@0.1.3/mod.ts": "93485a06c930907a40f09eb8d9deadf27aaaa228c5037a24be7a08b82c8b4bee",
    "https://deno.land/x/htm@0.1.3/plugins/color-scheme.ts": "e6aae324f7d28e2ad3a9c9dfa5665ba0e4cec2e05fabb04989dc124c0b5f6e36",
    "https://deno.land/x/htm@0.1.3/plugins/unocss.ts": "dca4739d3f07a243b14d072cc470537a8711e0b7218b4968e661d62ceeee6416",
    "https://deno.land/x/media_types@v2.11.1/db.ts": "1eac2b1b57195e41d7e40d7b236a3adeb93b4fa18084b4c9db49144fe685c78d",
    "https://deno.land/x/media_types@v2.11.1/mod.ts": "1be09ec3626332f9fe52a8a9ede852bb76d2207f84bec1f1b16c10555478008f",
    "https://deno.land/x/oak@v10.1.0/application.ts": "7ad567e390aebfbb96cf8745685cfea899b2b419838347a84e22898957e7648b",
    "https://deno.land/x/oak@v10.1.0/body.ts": "884ae12f149059386cd68ebaab572822b20de8c69fee2f12c4c56ce84bd9c64e",
    "https://deno.land/x/oak@v10.1.0/buf_reader.ts": "ee96cd6ead6caf0015b8395d7be3a77b0d8f082fd55121673e632924dc1eb6a5",
    "https://deno.land/x/oak@v10.1.0/content_disposition.ts": "8b8c3cb2fba7138cd5b7f82fc3b5ea39b33db924a824b28261659db7e164621e",
    "https://deno.land/x/oak@v10.1.0/context.ts": "221586ee15a85057db7f3fceaa845b18ff0489956f307aaa2fcd5f8382dd80ee",
    "https://deno.land/x/oak@v10.1.0/cookies.ts": "ba0e632bc96b5228deee7c0b589be3cfbbbf48c44b606540f9c2e4f5428ee1f8",
    "https://deno.land/x/oak@v10.1.0/deps.ts": "05dc85115133ab2d24684cbbed8e4679401dff9ed9aad76014cb3c848473c76d",
    "https://deno.land/x/oak@v10.1.0/etag.ts": "ea6a767b9b7606d8c9c13d7edea468e93686a8303a62259d9a182f633acad646",
    "https://deno.land/x/oak@v10.1.0/headers.ts": "50b809d5f311837f49344f6622bfbe24c57e64cd788bfb8d66ac826d304e6c3a",
    "https://deno.land/x/oak@v10.1.0/httpError.ts": "3fd09d0392f194d825b0093a1a77df6ca9f92ab90ad42b6ca4fe5a4ae660e9a3",
    "https://deno.land/x/oak@v10.1.0/http_server_native.ts": "c04529062a6aef9ccc88c6e2d3b3c5c1435b45296175cac919b6f03e27a47470",
    "https://deno.land/x/oak@v10.1.0/isMediaType.ts": "e7457f8c14245a7bb9a3a48000d50e112bb6fcafeab8fd7bcff16363a0cd8687",
    "https://deno.land/x/oak@v10.1.0/keyStack.ts": "bfa8f388dbfccf0e133f7f5682c0ff6ca517581f639c228b4a6ad4b14b3f6b79",
    "https://deno.land/x/oak@v10.1.0/mediaTyper.ts": "042b853fc8e9c3f6c628dd389e03ef481552bf07242efc3f8a1af042102a6105",
    "https://deno.land/x/oak@v10.1.0/middleware.ts": "073665130709d495e058c68d67dbf09161d2a4a0ce2a8b4614f13f96e21a22cd",
    "https://deno.land/x/oak@v10.1.0/multipart.ts": "ae2751544e8eb93ab0308bb7f88aa073de8669903707c4d20d6403f1f27428aa",
    "https://deno.land/x/oak@v10.1.0/negotiation/charset.ts": "b4c2e0c49dd5122f130f95bf29508448d983c424801b5bc304b00288b5ae3195",
    "https://deno.land/x/oak@v10.1.0/negotiation/common.ts": "f54d599d37408005f8c565d0f6505de51fed31feaa3654a7758e2359c006b02c",
    "https://deno.land/x/oak@v10.1.0/negotiation/encoding.ts": "60eb0fc3df57cc39eaa739e0e9e2cda6c20b3aa429d1a0108f503065f5709bbe",
    "https://deno.land/x/oak@v10.1.0/negotiation/language.ts": "62ef13ea3146538dd52a4666611bd423ebb9a6438e7312398e17a4d16dbafb51",
    "https://deno.land/x/oak@v10.1.0/negotiation/mediaType.ts": "7e25cc34600beea3bf0b0879ff1783c752260fcb517dffea2e122830c36e8451",
    "https://deno.land/x/oak@v10.1.0/range.ts": "879df226712c174b01f9ce173fbb8cc290a9c89c54d65a8aa19c575c00a0ab3b",
    "https://deno.land/x/oak@v10.1.0/request.ts": "80539f3d9a64da33b99949f86836a93eeadcf6c767a47f60a16dcaf9d4a7c256",
    "https://deno.land/x/oak@v10.1.0/response.ts": "023ba90443ab66f794a70e5c1d3b764f337704bec085a0883d1fde28b41548a1",
    "https://deno.land/x/oak@v10.1.0/router.ts": "75a79573168ee0037c8f03f9ad1f0ea0f879b014c1b95ab1b35decc23e32dd90",
    "https://deno.land/x/oak@v10.1.0/send.ts": "6101420ff6d731f61b2eb837698f3ad406f594085311a6dd9c79dbb5bafae085",
    "https://deno.land/x/oak@v10.1.0/server_sent_event.ts": "349bf3b317f4270b89839b554abe3f1dbd638d68c570d29f281062e54270e317",
    "https://deno.land/x/oak@v10.1.0/structured_clone.ts": "f46f5d14cf929b3cbf7168700c8e28bbf4ee8e229b93ceae08f6d6b2b150c8ab",
    "https://deno.land/x/oak@v10.1.0/tssCompare.ts": "e496924cb94de38bc035695926bd2f81e16bc3c8980ab1f34fe2f4865bb9aaeb",
    "https://deno.land/x/oak@v10.1.0/types.d.ts": "be92ff788029c7e14224f8e94cf630da14702d75d17df95480dfd42ebf7e978c",
    "https://deno.land/x/oak@v10.1.0/util.ts": "0030f8e9d957533e2fe9c89927eadb6e90c7b28ded05a25f14fd1edd6eb67469",
    "https://deno.land/x/path_to_regexp@v6.2.0/index.ts": "e94c04a44bbecac99ff2db2d831afe98b423e627b775cb57fc7935f848c64c51",
    "https://esm.sh/@unocss/core@0.46.3": "fccab6a36e7ee9bd1b9fadb7427012b1342f6079ca1d3616ca6636e2a0798db7",
    "https://esm.sh/@unocss/preset-wind@0.46.3?bundle&no-check": "1deb52f7ea03eb17e681698ed3df709eb087a74511b8c4695689f3c55bdda9f7",
    "https://esm.sh/feed@4.2.2": "fcba0891bec5812b6003da2bb9369bf9d0156be4662cf8640ef4503609cdea1d",
    "https://esm.sh/he@1.2.0": "08c2320094180477c388f2f7c7799abc713de60d592d91623bcc386ab189020b",
    "https://esm.sh/marked@4.2.12": "2d2846191abe84ffe668e83995da3543b197b62180ce06e4559027c0b777c22a",
    "https://esm.sh/preact-render-to-string@5.2.6?deps=preact@10.11.2": "cba3a09db9ca2a135697cdb6ddc02e73725cfa5100729b7af90f175b098ea1fd",
    "https://esm.sh/preact@10.11.2": "a7484db8d718104c029053f08954ed862f15b2a1440867a4eb63a3a78e7749c7",
    "https://esm.sh/prismjs@1.27.0/components/prism-bash?no-check": "a129061d574d52e228db84d2318959e09eb8a4dfea3d106eaf61cc03b9541fed",
    "https://esm.sh/prismjs@1.27.0/components/prism-clike?no-check": "af0ebc68384d37e8954eecf73bb56b6ace4839693a82c14919f0910d7d7d737d",
    "https://esm.sh/prismjs@1.27.0/components/prism-rust?no-check": "09289b2bd1f6aa51e9b8928d896c061eee4d89f2c6b03c59a1af31ca9ce5c0bb",
    "https://esm.sh/prismjs@1.27.0/components/prism-typescript?no-check": "d6dfb0f5033f3bd99c9e1a54a9a2405b1264719af73f0333d6e33a9900e228a7",
    "https://esm.sh/prismjs@1.27.0/components/prism-vim?no-check": "fc0dc7fd71e9d30ba5bfb28c4d9d08e31d58cbba48d21469bd1d7ded703ed69d",
    "https://esm.sh/prismjs@1.29.0": "4741e644bef1dab9c1126ba1dbc643a41e9c1800368c70d5915855680df4952f",
    "https://esm.sh/prismjs@1.29.0/components/prism-bash": "48a1256dc37def755d2647fd2c15f5160b2bab06db54a2186ffe85414d0a50bf",
    "https://esm.sh/prismjs@1.29.0/components/prism-c?no-check": "340206004949c3a2df9b69d6383d927632df852d2fbdbb551cc73509406e1685",
    "https://esm.sh/prismjs@1.29.0/components/prism-clike": "d4b8010a473547772ac84dc8624d34a8567e97380d5bfb769be44aa139154dc6",
    "https://esm.sh/prismjs@1.29.0/components/prism-graphql": "aa0dcfc8b42b08218c47fa959f013fed3dabf4f6143c526deeb5bc6fd47f3f74",
    "https://esm.sh/prismjs@1.29.0/components/prism-rust": "f9884b58364cb25475709161885c2fec06c82296c61ba360c0b90625e5d5b5c5",
    "https://esm.sh/prismjs@1.29.0/components/prism-typescript": "0866cd06a6bdc737f3af3fe0f5ffa199f5adc85648dde2a8925307cf4abad085",
    "https://esm.sh/prismjs@1.29.0/components/prism-vim": "aa35c6d7db56dada4bc208c0474bb18795669369201b0794298b51a231244ddf",
    "https://esm.sh/remove-markdown@0.5.0": "e37d52664b8913ea2ea1047edc8118a902b3a7605b9c8856d324d1ca953f9bed",
    "https://esm.sh/sanitize-html@2.8.1?target=esnext": "9d661d972974245bdb9116417fe7126cc9b5c122711f1d308cb7fba5f38e2dc1",
    "https://esm.sh/stable/preact@10.11.2/deno/preact.js": "10e7be6ea2698598105f404198789d8a34fd6a1ca020482f94eaaaca736badf5",
    "https://esm.sh/v106/@antfu/utils@0.5.2/index.d.ts": "b55dd2eb5ced2eec9fbac96be6fe8d5c30cb9fd875fd47f711882c7e3c2a857d",
    "https://esm.sh/v106/@types/marked@4.0.8/index.d.ts": "0b2fcecb260110d36514d4a845e10d98d19ae62f19ff18a5fc0181c31e1be8ef",
    "https://esm.sh/v106/@types/sanitize-html@2.8.0/index.d.ts": "7da2855e307d77af654c0b7ff2e120f535375d1178a7a9557fb725414c967853",
    "https://esm.sh/v106/@unocss/core@0.46.3/deno/core.js": "f4ab3da9238a3e85910dd6977c8f5c806bb1593d1922e25a12e2bae91961f871",
    "https://esm.sh/v106/@unocss/core@0.46.3/dist/index.d.ts": "0fcd73481c32f458139ea5989cd4fb50b861d66ead60e8f683f16ae054d0c8ed",
    "https://esm.sh/v106/@unocss/preset-wind@0.46.3/deno/preset-wind.bundle.js": "e7ccd6162e4ad29302f913b2a1d49987263f5ea9dadeb1a6a6888433fbd70196",
    "https://esm.sh/v106/deepmerge@4.3.0/esnext/deepmerge.js": "86820e0b883db2d379b28183d2bccec3e5253bf67119154143c2a8af67f7a24b",
    "https://esm.sh/v106/dom-serializer@2.0.0/esnext/dom-serializer.js": "5181740f2f050cd2a2d0c44c98fbd380d14470e64e23d1a9982da68bf8a2408c",
    "https://esm.sh/v106/dom-serializer@2.0.0/lib/index.d.ts": "f5d2fd5f53a6b81a3c9fabb3097933825a6c4fe305572d478b14af2b6a1d4903",
    "https://esm.sh/v106/domelementtype@2.3.0/esnext/domelementtype.js": "e63b8026d7df15641c0338b483d5fdb18ce3b7ac38f4d2ce31caa9bac3958ae2",
    "https://esm.sh/v106/domelementtype@2.3.0/lib/index.d.ts": "e307d69c2e131e39db6038b4bd51916c6cd787e01d730ad0c28c60491d0accf2",
    "https://esm.sh/v106/domhandler@5.0.3/esnext/domhandler.js": "92f728f517151f8792a3cc6b3c6fba18e1aa30c7d54174b03d84816e6a02ec89",
    "https://esm.sh/v106/domhandler@5.0.3/lib/index.d.ts": "587a74d5be3d1ff7904170380e0a40e69ca29c3186e88c9f360462a920051348",
    "https://esm.sh/v106/domhandler@5.0.3/lib/node.d.ts": "6e0f3bae05208ae879eaed90d8d7cfab17a0c396fb83989181677ae4bc84cb52",
    "https://esm.sh/v106/domutils@3.0.1/esnext/domutils.js": "99b3ba7b9a98c8f7728a1088cb4f8cb02f3e5377bd2ed6221790c4136249e070",
    "https://esm.sh/v106/domutils@3.0.1/lib/feeds.d.ts": "c9af95968e6c05d32b00f896f0d28e6a2d5af1641d66da8baad89333132bd390",
    "https://esm.sh/v106/domutils@3.0.1/lib/helpers.d.ts": "4aa761fcf81716fcdb6ca8affd04e556de2a77f50f22ca9ef660571268322d91",
    "https://esm.sh/v106/domutils@3.0.1/lib/index.d.ts": "b2c4facc362c731b9b382eed7f2834449233d9ebc71a0daae89e65c38a08989b",
    "https://esm.sh/v106/domutils@3.0.1/lib/legacy.d.ts": "50a0b7b976b071f7ddf556e7f3c1a3866af6b7f94a3fe26740ce536a805dc0c6",
    "https://esm.sh/v106/domutils@3.0.1/lib/manipulation.d.ts": "b222debc975955c11d93d25fc1fa1a1f99440eb58e088b67f87d5c466e37cbec",
    "https://esm.sh/v106/domutils@3.0.1/lib/querying.d.ts": "78f47b0ce2346561b92fc47bea2235412fc08144340f61b7fe5c3fe9a0fed16e",
    "https://esm.sh/v106/domutils@3.0.1/lib/stringify.d.ts": "702a3b5a12caec6a8fa12b2bcf9fd382a7384a45579f86e1c561580e52850932",
    "https://esm.sh/v106/domutils@3.0.1/lib/traversal.d.ts": "c78fb7d3b6c604d8c82e868d2878f0d8e1e3750e11900d69e2331e330899fb6e",
    "https://esm.sh/v106/entities@4.4.0/esnext/entities.js": "bc65086d7a89dafc752fd8a5f1a186a71ec2fd18b6d7f47bf95dd236550c8c26",
    "https://esm.sh/v106/entities@4.4.0/esnext/lib/decode.js": "53b4ac7c3512bcb6dc045d25b60f48b02d4ca193890ca4171e70c2d9fbcf484c",
    "https://esm.sh/v106/escape-string-regexp@4.0.0/esnext/escape-string-regexp.js": "93d32bdc80d8fa1b42df2dcce3a0e368afa2cbae10e59f818d3ba991f2385bb7",
    "https://esm.sh/v106/htmlparser2@8.0.1/esnext/htmlparser2.js": "9e426291a05af55c20faf6747bf8aef867716700ebcfd2fc81a11a9a8baba1cc",
    "https://esm.sh/v106/htmlparser2@8.0.1/lib/Parser.d.ts": "9055d451e782af8e471d588d05c3d9196a0f5c0f94c61c8f9dca34ba87ab1146",
    "https://esm.sh/v106/htmlparser2@8.0.1/lib/Tokenizer.d.ts": "41787f4904cb436cf92cba22f574829aeb7a527138e1dd228a2084e796c11bb8",
    "https://esm.sh/v106/htmlparser2@8.0.1/lib/index.d.ts": "ee94c2ff64c842a0e25ec3bda96a719dd70328ab5f5fdb2b1560a8dd37fa6035",
    "https://esm.sh/v106/is-plain-object@5.0.0/esnext/is-plain-object.js": "3222a932def01df107cbf60daedfa799186e95487e2f0fd75cdb0038e1295219",
    "https://esm.sh/v106/magic-string@0.27.0/index.d.ts": "6511a35c6a756bf3fe384aca1312f0753fc366cfe432714c98eb1a5561741ad8",
    "https://esm.sh/v106/marked@4.2.12/deno/marked.js": "2179c2150e0216982933a7a7574336c6a92249e1ef2bdde50ae28f67880e4db6",
    "https://esm.sh/v106/nanoid@3.3.4/esnext/non-secure.js": "48201f983d7302a06a96a22a58c9d7886393916f1244890a2c74fe09d4b68351",
    "https://esm.sh/v106/node_buffer.js": "445d389cb8c9f9fad5ff869ca2c2a863d178d410795ebd5f2f39d9a029156d56",
    "https://esm.sh/v106/node_events.js": "507b1d9405b8384264d683e0508416c4be85498e65d32d0fcf64d6d353a30151",
    "https://esm.sh/v106/node_process.js": "138682d1c2af338932526443b7513103b898a9460d3e461ee315d3a68060342a",
    "https://esm.sh/v106/parse-srcset@1.0.2/esnext/parse-srcset.js": "c817da0076be9b75db3b301fe2acbd7a61baffbc8e8deb26586568c108c1c9f5",
    "https://esm.sh/v106/picocolors@1.0.0/esnext/picocolors.js": "2e9860d7ad6612ac802f5f58492d38ed698b955952fee98fe18b259e5149ecd7",
    "https://esm.sh/v106/postcss@8.4.21/esnext/postcss.js": "11784a99accef7a60f0c700174f34ccafa0edac16cea1901f3a49c0277294976",
    "https://esm.sh/v106/preact-render-to-string@5.2.6/X-ZC9wcmVhY3RAMTAuMTEuMg/deno/preact-render-to-string.js": "0554ba3b539a1fd09d6f751b2b0ad54fddf4fbf6c76386a02c6407c01ab1653d",
    "https://esm.sh/v106/preact-render-to-string@5.2.6/X-ZC9wcmVhY3RAMTAuMTEuMg/src/index.d.ts": "3228ae08928d6b6b07075f2d15036f962bf5b3bf8354aed04d4a49d391b9661e",
    "https://esm.sh/v106/preact@10.11.2/src/index.d.ts": "76842a9d103548261ee001f2aee5fa5cacc8b1b4b4032af537ed84603c8f4a31",
    "https://esm.sh/v106/preact@10.11.2/src/jsx.d.ts": "77ce5bd7324455c9f6dc85bfc3c94b733acb92cc98fdf82e4b1059c8bca7866d",
    "https://esm.sh/v106/prismjs@1.29.0/deno/components/prism-bash.js": "e907c10ad39c911f97a3b0b9f2b14204089c56fdd1e020791370907ac7b593cb",
    "https://esm.sh/v106/prismjs@1.29.0/deno/components/prism-c.js": "e6eb8009d6a45bb12669b5e7cd1f3fec556ec2cb3e7efef3c13f55a9dec68779",
    "https://esm.sh/v106/prismjs@1.29.0/deno/components/prism-clike.js": "8bd82146796bca0c5d783aed73d986d158bfb6d59a5541c14cf10abbf104a33c",
    "https://esm.sh/v106/prismjs@1.29.0/deno/components/prism-graphql.js": "713807060c234d1ecf57835f76a47ee4ff3730c348031101bbfe43ab5d439370",
    "https://esm.sh/v106/prismjs@1.29.0/deno/components/prism-rust.js": "34f2bbdf6666477c27dc7d1facea9d49ddf1b13f761cc4e2a2d45ea99b565d82",
    "https://esm.sh/v106/prismjs@1.29.0/deno/components/prism-typescript.js": "ad6a6f4a5250db6789724accd425ae25e2f4dcf18538147f839fa4e0849d1c4e",
    "https://esm.sh/v106/prismjs@1.29.0/deno/components/prism-vim.js": "c9158d52d63743b162cce74a734a661ee2540109a5bf35bab7d8bbef67100096",
    "https://esm.sh/v106/sanitize-html@2.8.1/esnext/sanitize-html.js": "8648f38cef031f4a9ff651e2f01ae4f7528a031d6adfcf6b41db269ad996af3c",
    "https://esm.sh/v106/unconfig@0.3.7/dist/index.d.ts": "a3213705a86e44de6d74c27b1abe4b67dc2b4bd4857e62846f6ff4853ffd058e",
    "https://esm.sh/v106/unconfig@0.3.7/dist/types-6886c41e.d.ts": "3b8e7dd9ef7beea62b47979c2c775236f6e9dc3c2884555319bfffe110a81c3b",
    "https://esm.sh/v57/prismjs@1.27.0/deno/components/prism-vim.js": "b78c6defb5c377525249ab3a2c069fdfd4d7079cb016e058bca80bbacf5464b4",
    "https://esm.sh/v86/@types/remove-markdown@0.3.1/index.d.ts": "cd7ecf721ff3cdab9f02921a6d5c68fb345754a92fc28fef50bb976f5979c362",
    "https://esm.sh/v86/feed@4.2.2/deno/feed.js": "d3a60f097850c18edf600f888649138c6bd856985744d4e246d19bb393c3f745",
    "https://esm.sh/v86/feed@4.2.2/lib/feed.d.ts": "357a8b7781477392f483aa71a581917b9689a32a4bce619dab46c458967c2394",
    "https://esm.sh/v86/feed@4.2.2/lib/typings/index.d.ts": "4f3fd1ad733a6114232de679b88dab76853b99ce7ae0803c35169494c9b42548",
    "https://esm.sh/v86/remove-markdown@0.5.0/deno/remove-markdown.js": "a7e8b1cbef898e0a602b40790611bc8bb5bef8739f1399bba9a929465d0cd0e8",
    "https://esm.sh/v86/sax@1.2.4/deno/sax.js": "555f2a94d0dcd18c619729b66eaa0b5eb2e8563d3ef9076d01e5580cd173becb",
    "https://esm.sh/v86/xml-js@1.6.11/deno/xml-js.js": "21c2d70b7612d0d592c7234fcfc6d78eb50448baab1a0455604f12e8c7610806",
    "https://esm.sh/v92/@types/prismjs@1.26.0/index.d.ts": "6484309596f594ae824513336bd2a2e04a1902b06bb149fa904f5cae5fbe5c50",
    "https://esm.sh/v92/prismjs@1.29.0/deno/prismjs.js": "75cecccfce771193bd395d42236eb50dc4377dcf98e8fec0a082b1b68f428f41",
    "https://esm.sh/v95/prismjs@1.27.0/deno/components/prism-bash.js": "eba40667621029697556f7cd2e4ca92b6a92af322463178102d83a36344b2b0e",
    "https://esm.sh/v95/prismjs@1.27.0/deno/components/prism-clike.js": "e9ab134bd9d2ece39770f4a4f4c438edcc194ff4e4b7f2aee37619c0dc8e9432",
    "https://esm.sh/v95/prismjs@1.27.0/deno/components/prism-rust.js": "179b9ab45e1c67eb08dd87b6c6cb629c9a9548daceabc1f04aa4da6607933509",
    "https://esm.sh/v95/prismjs@1.27.0/deno/components/prism-typescript.js": "f265c5bc1e9c272d1ddb57488abcf5d5d9c87feaf19574dea667eeec6b6b5377",
    "https://raw.githubusercontent.com/denoland/deno_blog/main/blog.tsx": "e99bca7c92d1fd6f0b24ff69f7c5811ca0021157e49a5ccebe06c383009b8914",
    "https://raw.githubusercontent.com/denoland/deno_blog/main/components.tsx": "0303d27c5f2c5e6792b6c3bcd0eb3254861e77aaa86e4cb55fe5f048b6a484f3",
    "https://raw.githubusercontent.com/denoland/deno_blog/main/deps.ts": "445becc1e70d505017cbe40957a028e70fb4b1ff29b20f5281af46487755c3d1",
    "https://raw.githubusercontent.com/denoland/deno_blog/main/types.d.ts": "069ccd118088d314761c69867a0bdc3ece36b420bb75c722de563eb36bbf5085",
    "https://raw.githubusercontent.com/kt3k/callsites/v1.0.0/mod.ts": "a5fdfa7916d03459fd4830ca526d493d5f4ce0ea91619905d524c9a3a5c3cd15",
    "https://raw.githubusercontent.com/willpuckett/deno_blog/main/blog.tsx": "0f8d34e7cc89392427c59d43ce084582e83f1a3bb48d1667afe2b96930bc2a05",
    "https://raw.githubusercontent.com/willpuckett/deno_blog/main/components.tsx": "0303d27c5f2c5e6792b6c3bcd0eb3254861e77aaa86e4cb55fe5f048b6a484f3",
    "https://raw.githubusercontent.com/willpuckett/deno_blog/main/deps.ts": "445becc1e70d505017cbe40957a028e70fb4b1ff29b20f5281af46487755c3d1",
    "https://raw.githubusercontent.com/willpuckett/deno_blog/main/types.d.ts": "069ccd118088d314761c69867a0bdc3ece36b420bb75c722de563eb36bbf5085"
  }
}
